
Microsoft Visual Studio Solution File, Format Version 12.00
# Visual Studio Version 17
VisualStudioVersion = 17.14.36401.2 d17.14
MinimumVisualStudioVersion = 10.0.40219.1
Project("{FAE04EC0-301F-11D3-BF4B-00C04F79EFBC}") = "chapter5", "chapter5\chapter5.csproj", "{B91DCBB8-57E0-45EF-A109-143B34CEADD6}"
EndProject
Global
	GlobalSection(SolutionConfigurationPlatforms) = preSolution
		Debug|Any CPU = Debug|Any CPU
		Release|Any CPU = Release|Any CPU
	EndGlobalSection
	GlobalSection(ProjectConfigurationPlatforms) = postSolution
		{B91DCBB8-57E0-45EF-A109-143B34CEADD6}.Debug|Any CPU.ActiveCfg = Debug|Any CPU
		{B91DCBB8-57E0-45EF-A109-143B34CEADD6}.Debug|Any CPU.Build.0 = Debug|Any CPU
		{B91DCBB8-57E0-45EF-A109-143B34CEADD6}.Release|Any CPU.ActiveCfg = Release|Any CPU
		{B91DCBB8-57E0-45EF-A109-143B34CEADD6}.Release|Any CPU.Build.0 = Release|Any CPU
	EndGlobalSection
	GlobalSection(SolutionProperties) = preSolution
		HideSolutionNode = FALSE
	EndGlobalSection
	GlobalSection(ExtensibilityGlobals) = postSolution
		SolutionGuid = {00494E91-3F9F-4CBA-BE58-6EE50CD768DC}
	EndGlobalSection
EndGlobal
